
Microsoft Visual Studio Solution File, Format Version 12.00
# Visual Studio Version 17
VisualStudioVersion = 17.3.32901.215
MinimumVisualStudioVersion = 10.0.40219.1
Project("{FAE04EC0-301F-11D3-BF4B-00C04F79EFBC}") = "WeatherForecastService", "WeatherForecastService\WeatherForecastService.csproj", "{8E83AF6C-72D2-4E03-9BEE-87935ED863A7}"
EndProject
Global
	GlobalSection(SolutionConfigurationPlatforms) = preSolution
		Debug|Any CPU = Debug|Any CPU
		Release|Any CPU = Release|Any CPU
	EndGlobalSection
	GlobalSection(ProjectConfigurationPlatforms) = postSolution
		{8E83AF6C-72D2-4E03-9BEE-87935ED863A7}.Debug|Any CPU.ActiveCfg = Debug|Any CPU
		{8E83AF6C-72D2-4E03-9BEE-87935ED863A7}.Debug|Any CPU.Build.0 = Debug|Any CPU
		{8E83AF6C-72D2-4E03-9BEE-87935ED863A7}.Release|Any CPU.ActiveCfg = Release|Any CPU
		{8E83AF6C-72D2-4E03-9BEE-87935ED863A7}.Release|Any CPU.Build.0 = Release|Any CPU
	EndGlobalSection
	GlobalSection(SolutionProperties) = preSolution
		HideSolutionNode = FALSE
	EndGlobalSection
	GlobalSection(ExtensibilityGlobals) = postSolution
		SolutionGuid = {0F58AC07-0B08-4975-B293-C26AF077FE31}
	EndGlobalSection
EndGlobal
